{
  "name": "poker-planning-cli",
  "lockfileVersion": 3,
  "requires": true,
  "packages": {
    "": {
      "dependencies": {
        "poker-planning-cli": "^1.1.1"
      }
    },
    "node_modules/poker-planning-cli": {
      "version": "1.1.1",
      "resolved": "https://registry.npmjs.org/poker-planning-cli/-/poker-planning-cli-1.1.1.tgz",
      "integrity": "sha512-ngDKywUwS6CpvbgE3fgs3wBJrvRynMlogP4OpIDdZywSi8crs24ZK9wYAyzdvOypbg8ampCR95YK1y8QYWJmRg==",
      "hasInstallScript": true,
      "license": "MIT",
      "bin": {
        "poker-client": "bin/poker-client",
        "poker-server": "bin/poker-server"
      },
      "engines": {
        "node": ">=14"
      },
      "optionalDependencies": {
        "poker-planning-client-darwin-arm64": "1.1.1",
        "poker-planning-client-linux-x64": "1.1.1",
        "poker-planning-client-win32-x64": "1.1.1",
        "poker-planning-server-darwin-arm64": "1.1.1",
        "poker-planning-server-linux-x64": "1.1.1",
        "poker-planning-server-win32-x64": "1.1.1"
      }
    },
    "node_modules/poker-planning-client-darwin-arm64": {
      "version": "1.1.1",
      "resolved": "https://registry.npmjs.org/poker-planning-client-darwin-arm64/-/poker-planning-client-darwin-arm64-1.1.1.tgz",
      "integrity": "sha512-yEO2Iygmn0WWolf8rsjSiP1S67yzJacLOReLpn0PtjFYtanbSj7Q5hNhzg5cTj1yDjFODanKu/mOQV5d2XOOow==",
      "cpu": [
        "arm64"
      ],
      "license": "MIT",
      "optional": true,
      "os": [
        "darwin"
      ]
    },
    "node_modules/poker-planning-client-linux-x64": {
      "version": "1.1.1",
      "resolved": "https://registry.npmjs.org/poker-planning-client-linux-x64/-/poker-planning-client-linux-x64-1.1.1.tgz",
      "integrity": "sha512-mzzCrGL9i80H6OPS0HKQobFJEm7rnojDthmy90uDg1B/+Qzvi334EtjsEyLA7M5HRGp0ZBhQblwp7s5u5WpjzA==",
      "cpu": [
        "x64"
      ],
      "license": "MIT",
      "optional": true,
      "os": [
        "linux"
      ]
    },
    "node_modules/poker-planning-client-win32-x64": {
      "version": "1.1.1",
      "resolved": "https://registry.npmjs.org/poker-planning-client-win32-x64/-/poker-planning-client-win32-x64-1.1.1.tgz",
      "integrity": "sha512-fMAOzwO8F/bWu0nBNzGfXY872sg/vzSeZnoLHdAeFNCHY5Eq37zFHuS65YR8Hu8FSemkyjbTxVqPkDuaa1zssQ==",
      "cpu": [
        "x64"
      ],
      "license": "MIT",
      "optional": true,
      "os": [
        "win32"
      ]
    },
    "node_modules/poker-planning-server-darwin-arm64": {
      "version": "1.1.1",
      "resolved": "https://registry.npmjs.org/poker-planning-server-darwin-arm64/-/poker-planning-server-darwin-arm64-1.1.1.tgz",
      "integrity": "sha512-yLewITrTF2cBlavj5yQxWdoHvNysDC86wuIjOUPfC+Fp7q+dwk2o+1EOz3MqEco73wLIYjtHE+LcrsrSNmWGYw==",
      "cpu": [
        "arm64"
      ],
      "license": "MIT",
      "optional": true,
      "os": [
        "darwin"
      ]
    },
    "node_modules/poker-planning-server-linux-x64": {
      "version": "1.1.1",
      "resolved": "https://registry.npmjs.org/poker-planning-server-linux-x64/-/poker-planning-server-linux-x64-1.1.1.tgz",
      "integrity": "sha512-5so7Q4ZNbU+gK/nvpCyjQ3ND8r0VdfcXmDHsrBAMYCnmblm9nuDZcC4NIc6DTdlOy8DObOyp6+ZrqZs1aFZhRw==",
      "cpu": [
        "x64"
      ],
      "license": "MIT",
      "optional": true,
      "os": [
        "linux"
      ]
    },
    "node_modules/poker-planning-server-win32-x64": {
      "version": "1.1.1",
      "resolved": "https://registry.npmjs.org/poker-planning-server-win32-x64/-/poker-planning-server-win32-x64-1.1.1.tgz",
      "integrity": "sha512-jODx+uPx34vNRaArODVHC0YujWXOriJwjhR7dEcP/JJFC5IQA66e6gaqRkqWm7F9y/vzeJd95hmkANcoGW7xvQ==",
      "cpu": [
        "x64"
      ],
      "license": "MIT",
      "optional": true,
      "os": [
        "win32"
      ]
    }
  }
}
